
Microsoft Visual Studio Solution File, Format Version 12.00
# Visual Studio Version 16
VisualStudioVersion = 16.0.31005.135
MinimumVisualStudioVersion = 10.0.40219.1
Project("{9A19103F-16F7-4668-BE54-9A1E7A4F7556}") = "DataAccess", "DataAccess\DataAccess.csproj", "{9F98195E-1159-4576-B55F-B1B2A35D9094}"
EndProject
Project("{9A19103F-16F7-4668-BE54-9A1E7A4F7556}") = "Business", "Business\Business.csproj", "{332D8D3B-5E65-4BFE-942C-7D15EA97C7E4}"
EndProject
Project("{9A19103F-16F7-4668-BE54-9A1E7A4F7556}") = "Entities", "Entities\Entities.csproj", "{68EAB207-8B1C-480B-9E0B-E6AC0390B0D9}"
EndProject
Project("{9A19103F-16F7-4668-BE54-9A1E7A4F7556}") = "ConsoleUI", "ConsoleUI\ConsoleUI.csproj", "{B75AA89D-CED9-4919-A1EA-2B8589A764E6}"
EndProject
Project("{9A19103F-16F7-4668-BE54-9A1E7A4F7556}") = "Core", "Core\Core.csproj", "{64BD9450-19A8-4FFB-9664-E3DC1F62D807}"
EndProject
Project("{9A19103F-16F7-4668-BE54-9A1E7A4F7556}") = "WebAPI", "WebAPI\WebAPI.csproj", "{083A9847-EB02-4C02-A4B7-954B31AF6160}"
EndProject
Global
	GlobalSection(SolutionConfigurationPlatforms) = preSolution
		Debug|Any CPU = Debug|Any CPU
		Release|Any CPU = Release|Any CPU
	EndGlobalSection
	GlobalSection(ProjectConfigurationPlatforms) = postSolution
		{9F98195E-1159-4576-B55F-B1B2A35D9094}.Debug|Any CPU.ActiveCfg = Debug|Any CPU
		{9F98195E-1159-4576-B55F-B1B2A35D9094}.Debug|Any CPU.Build.0 = Debug|Any CPU
		{9F98195E-1159-4576-B55F-B1B2A35D9094}.Release|Any CPU.ActiveCfg = Release|Any CPU
		{9F98195E-1159-4576-B55F-B1B2A35D9094}.Release|Any CPU.Build.0 = Release|Any CPU
		{332D8D3B-5E65-4BFE-942C-7D15EA97C7E4}.Debug|Any CPU.ActiveCfg = Debug|Any CPU
		{332D8D3B-5E65-4BFE-942C-7D15EA97C7E4}.Debug|Any CPU.Build.0 = Debug|Any CPU
		{332D8D3B-5E65-4BFE-942C-7D15EA97C7E4}.Release|Any CPU.ActiveCfg = Release|Any CPU
		{332D8D3B-5E65-4BFE-942C-7D15EA97C7E4}.Release|Any CPU.Build.0 = Release|Any CPU
		{68EAB207-8B1C-480B-9E0B-E6AC0390B0D9}.Debug|Any CPU.ActiveCfg = Debug|Any CPU
		{68EAB207-8B1C-480B-9E0B-E6AC0390B0D9}.Debug|Any CPU.Build.0 = Debug|Any CPU
		{68EAB207-8B1C-480B-9E0B-E6AC0390B0D9}.Release|Any CPU.ActiveCfg = Release|Any CPU
		{68EAB207-8B1C-480B-9E0B-E6AC0390B0D9}.Release|Any CPU.Build.0 = Release|Any CPU
		{B75AA89D-CED9-4919-A1EA-2B8589A764E6}.Debug|Any CPU.ActiveCfg = Debug|Any CPU
		{B75AA89D-CED9-4919-A1EA-2B8589A764E6}.Debug|Any CPU.Build.0 = Debug|Any CPU
		{B75AA89D-CED9-4919-A1EA-2B8589A764E6}.Release|Any CPU.ActiveCfg = Release|Any CPU
		{B75AA89D-CED9-4919-A1EA-2B8589A764E6}.Release|Any CPU.Build.0 = Release|Any CPU
		{64BD9450-19A8-4FFB-9664-E3DC1F62D807}.Debug|Any CPU.ActiveCfg = Debug|Any CPU
		{64BD9450-19A8-4FFB-9664-E3DC1F62D807}.Debug|Any CPU.Build.0 = Debug|Any CPU
		{64BD9450-19A8-4FFB-9664-E3DC1F62D807}.Release|Any CPU.ActiveCfg = Release|Any CPU
		{64BD9450-19A8-4FFB-9664-E3DC1F62D807}.Release|Any CPU.Build.0 = Release|Any CPU
		{083A9847-EB02-4C02-A4B7-954B31AF6160}.Debug|Any CPU.ActiveCfg = Debug|Any CPU
		{083A9847-EB02-4C02-A4B7-954B31AF6160}.Debug|Any CPU.Build.0 = Debug|Any CPU
		{083A9847-EB02-4C02-A4B7-954B31AF6160}.Release|Any CPU.ActiveCfg = Release|Any CPU
		{083A9847-EB02-4C02-A4B7-954B31AF6160}.Release|Any CPU.Build.0 = Release|Any CPU
	EndGlobalSection
	GlobalSection(SolutionProperties) = preSolution
		HideSolutionNode = FALSE
	EndGlobalSection
	GlobalSection(ExtensibilityGlobals) = postSolution
		SolutionGuid = {83622EE0-0D03-4D5B-9F27-28677EA94268}
	EndGlobalSection
EndGlobal
